
Microsoft Visual Studio Solution File, Format Version 12.00
# Visual Studio Version 17
VisualStudioVersion = 17.1.32421.90
MinimumVisualStudioVersion = 10.0.40219.1
Project("{FAE04EC0-301F-11D3-BF4B-00C04F79EFBC}") = "zadanie 2 .net framework", "zadanie 2 .net framework\zadanie 2 .net framework.csproj", "{B2800C53-3780-4178-BA6D-8DF47D55AD8B}"
EndProject
Global
	GlobalSection(SolutionConfigurationPlatforms) = preSolution
		Debug|Any CPU = Debug|Any CPU
		Release|Any CPU = Release|Any CPU
	EndGlobalSection
	GlobalSection(ProjectConfigurationPlatforms) = postSolution
		{B2800C53-3780-4178-BA6D-8DF47D55AD8B}.Debug|Any CPU.ActiveCfg = Debug|Any CPU
		{B2800C53-3780-4178-BA6D-8DF47D55AD8B}.Debug|Any CPU.Build.0 = Debug|Any CPU
		{B2800C53-3780-4178-BA6D-8DF47D55AD8B}.Release|Any CPU.ActiveCfg = Release|Any CPU
		{B2800C53-3780-4178-BA6D-8DF47D55AD8B}.Release|Any CPU.Build.0 = Release|Any CPU
	EndGlobalSection
	GlobalSection(SolutionProperties) = preSolution
		HideSolutionNode = FALSE
	EndGlobalSection
	GlobalSection(ExtensibilityGlobals) = postSolution
		SolutionGuid = {7544C305-0E56-4AB3-B1DC-9CD984AD5B95}
	EndGlobalSection
EndGlobal
